
Microsoft Visual Studio Solution File, Format Version 12.00
# Visual Studio 15
VisualStudioVersion = 15.0.26124.0
MinimumVisualStudioVersion = 15.0.26124.0
Project("{FAE04EC0-301F-11D3-BF4B-00C04F79EFBC}") = "Palindrome.Client", "Palindrome.Client\Palindrome.Client.csproj", "{2297C108-E39B-4BA5-8F5A-D2ED993DF380}"
EndProject
Project("{FAE04EC0-301F-11D3-BF4B-00C04F79EFBC}") = "Palindrome.Domain", "Palindrome.Domain\Palindrome.Domain.csproj", "{055952C1-E6C6-46E0-ACF0-F89AC23DF257}"
EndProject
Project("{FAE04EC0-301F-11D3-BF4B-00C04F79EFBC}") = "Palindrome.Test", "Palindrome.Test\Palindrome.Test.csproj", "{A9A412DB-A217-4E5E-AA73-C5E0BDE92C8B}"
EndProject
Global
	GlobalSection(SolutionConfigurationPlatforms) = preSolution
		Debug|Any CPU = Debug|Any CPU
		Debug|x64 = Debug|x64
		Debug|x86 = Debug|x86
		Release|Any CPU = Release|Any CPU
		Release|x64 = Release|x64
		Release|x86 = Release|x86
	EndGlobalSection
	GlobalSection(SolutionProperties) = preSolution
		HideSolutionNode = FALSE
	EndGlobalSection
	GlobalSection(ProjectConfigurationPlatforms) = postSolution
		{2297C108-E39B-4BA5-8F5A-D2ED993DF380}.Debug|Any CPU.ActiveCfg = Debug|Any CPU
		{2297C108-E39B-4BA5-8F5A-D2ED993DF380}.Debug|Any CPU.Build.0 = Debug|Any CPU
		{2297C108-E39B-4BA5-8F5A-D2ED993DF380}.Debug|x64.ActiveCfg = Debug|Any CPU
		{2297C108-E39B-4BA5-8F5A-D2ED993DF380}.Debug|x64.Build.0 = Debug|Any CPU
		{2297C108-E39B-4BA5-8F5A-D2ED993DF380}.Debug|x86.ActiveCfg = Debug|Any CPU
		{2297C108-E39B-4BA5-8F5A-D2ED993DF380}.Debug|x86.Build.0 = Debug|Any CPU
		{2297C108-E39B-4BA5-8F5A-D2ED993DF380}.Release|Any CPU.ActiveCfg = Release|Any CPU
		{2297C108-E39B-4BA5-8F5A-D2ED993DF380}.Release|Any CPU.Build.0 = Release|Any CPU
		{2297C108-E39B-4BA5-8F5A-D2ED993DF380}.Release|x64.ActiveCfg = Release|Any CPU
		{2297C108-E39B-4BA5-8F5A-D2ED993DF380}.Release|x64.Build.0 = Release|Any CPU
		{2297C108-E39B-4BA5-8F5A-D2ED993DF380}.Release|x86.ActiveCfg = Release|Any CPU
		{2297C108-E39B-4BA5-8F5A-D2ED993DF380}.Release|x86.Build.0 = Release|Any CPU
		{055952C1-E6C6-46E0-ACF0-F89AC23DF257}.Debug|Any CPU.ActiveCfg = Debug|Any CPU
		{055952C1-E6C6-46E0-ACF0-F89AC23DF257}.Debug|Any CPU.Build.0 = Debug|Any CPU
		{055952C1-E6C6-46E0-ACF0-F89AC23DF257}.Debug|x64.ActiveCfg = Debug|Any CPU
		{055952C1-E6C6-46E0-ACF0-F89AC23DF257}.Debug|x64.Build.0 = Debug|Any CPU
		{055952C1-E6C6-46E0-ACF0-F89AC23DF257}.Debug|x86.ActiveCfg = Debug|Any CPU
		{055952C1-E6C6-46E0-ACF0-F89AC23DF257}.Debug|x86.Build.0 = Debug|Any CPU
		{055952C1-E6C6-46E0-ACF0-F89AC23DF257}.Release|Any CPU.ActiveCfg = Release|Any CPU
		{055952C1-E6C6-46E0-ACF0-F89AC23DF257}.Release|Any CPU.Build.0 = Release|Any CPU
		{055952C1-E6C6-46E0-ACF0-F89AC23DF257}.Release|x64.ActiveCfg = Release|Any CPU
		{055952C1-E6C6-46E0-ACF0-F89AC23DF257}.Release|x64.Build.0 = Release|Any CPU
		{055952C1-E6C6-46E0-ACF0-F89AC23DF257}.Release|x86.ActiveCfg = Release|Any CPU
		{055952C1-E6C6-46E0-ACF0-F89AC23DF257}.Release|x86.Build.0 = Release|Any CPU
		{A9A412DB-A217-4E5E-AA73-C5E0BDE92C8B}.Debug|Any CPU.ActiveCfg = Debug|Any CPU
		{A9A412DB-A217-4E5E-AA73-C5E0BDE92C8B}.Debug|Any CPU.Build.0 = Debug|Any CPU
		{A9A412DB-A217-4E5E-AA73-C5E0BDE92C8B}.Debug|x64.ActiveCfg = Debug|Any CPU
		{A9A412DB-A217-4E5E-AA73-C5E0BDE92C8B}.Debug|x64.Build.0 = Debug|Any CPU
		{A9A412DB-A217-4E5E-AA73-C5E0BDE92C8B}.Debug|x86.ActiveCfg = Debug|Any CPU
		{A9A412DB-A217-4E5E-AA73-C5E0BDE92C8B}.Debug|x86.Build.0 = Debug|Any CPU
		{A9A412DB-A217-4E5E-AA73-C5E0BDE92C8B}.Release|Any CPU.ActiveCfg = Release|Any CPU
		{A9A412DB-A217-4E5E-AA73-C5E0BDE92C8B}.Release|Any CPU.Build.0 = Release|Any CPU
		{A9A412DB-A217-4E5E-AA73-C5E0BDE92C8B}.Release|x64.ActiveCfg = Release|Any CPU
		{A9A412DB-A217-4E5E-AA73-C5E0BDE92C8B}.Release|x64.Build.0 = Release|Any CPU
		{A9A412DB-A217-4E5E-AA73-C5E0BDE92C8B}.Release|x86.ActiveCfg = Release|Any CPU
		{A9A412DB-A217-4E5E-AA73-C5E0BDE92C8B}.Release|x86.Build.0 = Release|Any CPU
	EndGlobalSection
EndGlobal
